// !$*UTF8*$!
{
	archiveVersion = 1;
	classes = {
	};
	objectVersion = 56;
	objects = {

/* Begin PBXBuildFile section */
		684CB7852952BC6F0017AF9E /* AppDelegate.swift in Sources */ = {isa = PBXBuildFile; fileRef = 684CB7842952BC6F0017AF9E /* AppDelegate.swift */; };
		684CB7872952BC6F0017AF9E /* SceneDelegate.swift in Sources */ = {isa = PBXBuildFile; fileRef = 684CB7862952BC6F0017AF9E /* SceneDelegate.swift */; };
		684CB7892952BC6F0017AF9E /* ViewController.swift in Sources */ = {isa = PBXBuildFile; fileRef = 684CB7882952BC6F0017AF9E /* ViewController.swift */; };
		684CB78C2952BC6F0017AF9E /* Main.storyboard in Resources */ = {isa = PBXBuildFile; fileRef = 684CB78A2952BC6F0017AF9E /* Main.storyboard */; };
		684CB78E2952BC710017AF9E /* Assets.xcassets in Resources */ = {isa = PBXBuildFile; fileRef = 684CB78D2952BC710017AF9E /* Assets.xcassets */; };
		684CB7912952BC710017AF9E /* LaunchScreen.storyboard in Resources */ = {isa = PBXBuildFile; fileRef = 684CB78F2952BC710017AF9E /* LaunchScreen.storyboard */; };
		684CB79C2952BC710017AF9E /* Swift_Combine_MVVM_iOSTests.swift in Sources */ = {isa = PBXBuildFile; fileRef = 684CB79B2952BC710017AF9E /* Swift_Combine_MVVM_iOSTests.swift */; };
		684CB7A62952BC710017AF9E /* Swift_Combine_MVVM_iOSUITests.swift in Sources */ = {isa = PBXBuildFile; fileRef = 684CB7A52952BC710017AF9E /* Swift_Combine_MVVM_iOSUITests.swift */; };
		684CB7A82952BC710017AF9E /* Swift_Combine_MVVM_iOSUITestsLaunchTests.swift in Sources */ = {isa = PBXBuildFile; fileRef = 684CB7A72952BC710017AF9E /* Swift_Combine_MVVM_iOSUITestsLaunchTests.swift */; };
/* End PBXBuildFile section */

/* Begin PBXContainerItemProxy section */
		684CB7982952BC710017AF9E /* PBXContainerItemProxy */ = {
			isa = PBXContainerItemProxy;
			containerPortal = 684CB7792952BC6F0017AF9E /* Project object */;
			proxyType = 1;
			remoteGlobalIDString = 684CB7802952BC6F0017AF9E;
			remoteInfo = "Swift-Combine-MVVM-iOS";
		};
		684CB7A22952BC710017AF9E /* PBXContainerItemProxy */ = {
			isa = PBXContainerItemProxy;
			containerPortal = 684CB7792952BC6F0017AF9E /* Project object */;
			proxyType = 1;
			remoteGlobalIDString = 684CB7802952BC6F0017AF9E;
			remoteInfo = "Swift-Combine-MVVM-iOS";
		};
/* End PBXContainerItemProxy section */

/* Begin PBXFileReference section */
		684CB7812952BC6F0017AF9E /* Swift-Combine-MVVM-iOS.app */ = {isa = PBXFileReference; explicitFileType = wrapper.application; includeInIndex = 0; path = "Swift-Combine-MVVM-iOS.app"; sourceTree = BUILT_PRODUCTS_DIR; };
		684CB7842952BC6F0017AF9E /* AppDelegate.swift */ = {isa = PBXFileReference; lastKnownFileType = sourcecode.swift; path = AppDelegate.swift; sourceTree = "<group>"; };
		684CB7862952BC6F0017AF9E /* SceneDelegate.swift */ = {isa = PBXFileReference; lastKnownFileType = sourcecode.swift; path = SceneDelegate.swift; sourceTree = "<group>"; };
		684CB7882952BC6F0017AF9E /* ViewController.swift */ = {isa = PBXFileReference; lastKnownFileType = sourcecode.swift; path = ViewController.swift; sourceTree = "<group>"; };
		684CB78B2952BC6F0017AF9E /* Base */ = {isa = PBXFileReference; lastKnownFileType = file.storyboard; name = Base; path = Base.lproj/Main.storyboard; sourceTree = "<group>"; };
		684CB78D2952BC710017AF9E /* Assets.xcassets */ = {isa = PBXFileReference; lastKnownFileType = folder.assetcatalog; path = Assets.xcassets; sourceTree = "<group>"; };
		684CB7902952BC710017AF9E /* Base */ = {isa = PBXFileReference; lastKnownFileType = file.storyboard; name = Base; path = Base.lproj/LaunchScreen.storyboard; sourceTree = "<group>"; };
		684CB7922952BC710017AF9E /* Info.plist */ = {isa = PBXFileReference; lastKnownFileType = text.plist.xml; path = Info.plist; sourceTree = "<group>"; };
		684CB7972952BC710017AF9E /* Swift-Combine-MVVM-iOSTests.xctest */ = {isa = PBXFileReference; explicitFileType = wrapper.cfbundle; includeInIndex = 0; path = "Swift-Combine-MVVM-iOSTests.xctest"; sourceTree = BUILT_PRODUCTS_DIR; };
		684CB79B2952BC710017AF9E /* Swift_Combine_MVVM_iOSTests.swift */ = {isa = PBXFileReference; lastKnownFileType = sourcecode.swift; path = Swift_Combine_MVVM_iOSTests.swift; sourceTree = "<group>"; };
		684CB7A12952BC710017AF9E /* Swift-Combine-MVVM-iOSUITests.xctest */ = {isa = PBXFileReference; explicitFileType = wrapper.cfbundle; includeInIndex = 0; path = "Swift-Combine-MVVM-iOSUITests.xctest"; sourceTree = BUILT_PRODUCTS_DIR; };
		684CB7A52952BC710017AF9E /* Swift_Combine_MVVM_iOSUITests.swift */ = {isa = PBXFileReference; lastKnownFileType = sourcecode.swift; path = Swift_Combine_MVVM_iOSUITests.swift; sourceTree = "<group>"; };
		684CB7A72952BC710017AF9E /* Swift_Combine_MVVM_iOSUITestsLaunchTests.swift */ = {isa = PBXFileReference; lastKnownFileType = sourcecode.swift; path = Swift_Combine_MVVM_iOSUITestsLaunchTests.swift; sourceTree = "<group>"; };
/* End PBXFileReference section */

/* Begin PBXFrameworksBuildPhase section */
		684CB77E2952BC6F0017AF9E /* Frameworks */ = {
			isa = PBXFrameworksBuildPhase;
			buildActionMask = 2147483647;
			files = (
			);
			runOnlyForDeploymentPostprocessing = 0;
		};
		684CB7942952BC710017AF9E /* Frameworks */ = {
			isa = PBXFrameworksBuildPhase;
			buildActionMask = 2147483647;
			files = (
			);
			runOnlyForDeploymentPostprocessing = 0;
		};
		684CB79E2952BC710017AF9E /* Frameworks */ = {
			isa = PBXFrameworksBuildPhase;
			buildActionMask = 2147483647;
			files = (
			);
			runOnlyForDeploymentPostprocessing = 0;
		};
/* End PBXFrameworksBuildPhase section */

/* Begin PBXGroup section */
		684CB7782952BC6F0017AF9E = {
			isa = PBXGroup;
			children = (
				684CB7832952BC6F0017AF9E /* Swift-Combine-MVVM-iOS */,
				684CB79A2952BC710017AF9E /* Swift-Combine-MVVM-iOSTests */,
				684CB7A42952BC710017AF9E /* Swift-Combine-MVVM-iOSUITests */,
				684CB7822952BC6F0017AF9E /* Products */,
			);
			sourceTree = "<group>";
		};
		684CB7822952BC6F0017AF9E /* Products */ = {
			isa = PBXGroup;
			children = (
				684CB7812952BC6F0017AF9E /* Swift-Combine-MVVM-iOS.app */,
				684CB7972952BC710017AF9E /* Swift-Combine-MVVM-iOSTests.xctest */,
				684CB7A12952BC710017AF9E /* Swift-Combine-MVVM-iOSUITests.xctest */,
			);
			name = Products;
			sourceTree = "<group>";
		};
		684CB7832952BC6F0017AF9E /* Swift-Combine-MVVM-iOS */ = {
			isa = PBXGroup;
			children = (
				684CB7842952BC6F0017AF9E /* AppDelegate.swift */,
				684CB7862952BC6F0017AF9E /* SceneDelegate.swift */,
				684CB7882952BC6F0017AF9E /* ViewController.swift */,
				684CB78A2952BC6F0017AF9E /* Main.storyboard */,
				684CB78D2952BC710017AF9E /* Assets.xcassets */,
				684CB78F2952BC710017AF9E /* LaunchScreen.storyboard */,
				684CB7922952BC710017AF9E /* Info.plist */,
			);
			path = "Swift-Combine-MVVM-iOS";
			sourceTree = "<group>";
		};
		684CB79A2952BC710017AF9E /* Swift-Combine-MVVM-iOSTests */ = {
			isa = PBXGroup;
			children = (
				684CB79B2952BC710017AF9E /* Swift_Combine_MVVM_iOSTests.swift */,
			);
			path = "Swift-Combine-MVVM-iOSTests";
			sourceTree = "<group>";
		};
		684CB7A42952BC710017AF9E /* Swift-Combine-MVVM-iOSUITests */ = {
			isa = PBXGroup;
			children = (
				684CB7A52952BC710017AF9E /* Swift_Combine_MVVM_iOSUITests.swift */,
				684CB7A72952BC710017AF9E /* Swift_Combine_MVVM_iOSUITestsLaunchTests.swift */,
			);
			path = "Swift-Combine-MVVM-iOSUITests";
			sourceTree = "<group>";
		};
/* End PBXGroup section */

/* Begin PBXNativeTarget section */
		684CB7802952BC6F0017AF9E /* Swift-Combine-MVVM-iOS */ = {
			isa = PBXNativeTarget;
			buildConfigurationList = 684CB7AB2952BC710017AF9E /* Build configuration list for PBXNativeTarget "Swift-Combine-MVVM-iOS" */;
			buildPhases = (
				684CB77D2952BC6F0017AF9E /* Sources */,
				684CB77E2952BC6F0017AF9E /* Frameworks */,
				684CB77F2952BC6F0017AF9E /* Resources */,
			);
			buildRules = (
			);
			dependencies = (
			);
			name = "Swift-Combine-MVVM-iOS";
			productName = "Swift-Combine-MVVM-iOS";
			productReference = 684CB7812952BC6F0017AF9E /* Swift-Combine-MVVM-iOS.app */;
			productType = "com.apple.product-type.application";
		};
		684CB7962952BC710017AF9E /* Swift-Combine-MVVM-iOSTests */ = {
			isa = PBXNativeTarget;
			buildConfigurationList = 684CB7AE2952BC710017AF9E /* Build configuration list for PBXNativeTarget "Swift-Combine-MVVM-iOSTests" */;
			buildPhases = (
				684CB7932952BC710017AF9E /* Sources */,
				684CB7942952BC710017AF9E /* Frameworks */,
				684CB7952952BC710017AF9E /* Resources */,
			);
			buildRules = (
			);
			dependencies = (
				684CB7992952BC710017AF9E /* PBXTargetDependency */,
			);
			name = "Swift-Combine-MVVM-iOSTests";
			productName = "Swift-Combine-MVVM-iOSTests";
			productReference = 684CB7972952BC710017AF9E /* Swift-Combine-MVVM-iOSTests.xctest */;
			productType = "com.apple.product-type.bundle.unit-test";
		};
		684CB7A02952BC710017AF9E /* Swift-Combine-MVVM-iOSUITests */ = {
			isa = PBXNativeTarget;
			buildConfigurationList = 684CB7B12952BC710017AF9E /* Build configuration list for PBXNativeTarget "Swift-Combine-MVVM-iOSUITests" */;
			buildPhases = (
				684CB79D2952BC710017AF9E /* Sources */,
				684CB79E2952BC710017AF9E /* Frameworks */,
				684CB79F2952BC710017AF9E /* Resources */,
			);
			buildRules = (
			);
			dependencies = (
				684CB7A32952BC710017AF9E /* PBXTargetDependency */,
			);
			name = "Swift-Combine-MVVM-iOSUITests";
			productName = "Swift-Combine-MVVM-iOSUITests";
			productReference = 684CB7A12952BC710017AF9E /* Swift-Combine-MVVM-iOSUITests.xctest */;
			productType = "com.apple.product-type.bundle.ui-testing";
		};
/* End PBXNativeTarget section */

/* Begin PBXProject section */
		684CB7792952BC6F0017AF9E /* Project object */ = {
			isa = PBXProject;
			attributes = {
				BuildIndependentTargetsInParallel = 1;
				LastSwiftUpdateCheck = 1400;
				LastUpgradeCheck = 1400;
				TargetAttributes = {
					684CB7802952BC6F0017AF9E = {
						CreatedOnToolsVersion = 14.0.1;
					};
					684CB7962952BC710017AF9E = {
						CreatedOnToolsVersion = 14.0.1;
						TestTargetID = 684CB7802952BC6F0017AF9E;
					};
					684CB7A02952BC710017AF9E = {
						CreatedOnToolsVersion = 14.0.1;
						TestTargetID = 684CB7802952BC6F0017AF9E;
					};
				};
			};
			buildConfigurationList = 684CB77C2952BC6F0017AF9E /* Build configuration list for PBXProject "Swift-Combine-MVVM-iOS" */;
			compatibilityVersion = "Xcode 14.0";
			developmentRegion = en;
			hasScannedForEncodings = 0;
			knownRegions = (
				en,
				Base,
			);
			mainGroup = 684CB7782952BC6F0017AF9E;
			productRefGroup = 684CB7822952BC6F0017AF9E /* Products */;
			projectDirPath = "";
			projectRoot = "";
			targets = (
				684CB7802952BC6F0017AF9E /* Swift-Combine-MVVM-iOS */,
				684CB7962952BC710017AF9E /* Swift-Combine-MVVM-iOSTests */,
				684CB7A02952BC710017AF9E /* Swift-Combine-MVVM-iOSUITests */,
			);
		};
/* End PBXProject section */

/* Begin PBXResourcesBuildPhase section */
		684CB77F2952BC6F0017AF9E /* Resources */ = {
			isa = PBXResourcesBuildPhase;
			buildActionMask = 2147483647;
			files = (
				684CB7912952BC710017AF9E /* LaunchScreen.storyboard in Resources */,
				684CB78E2952BC710017AF9E /* Assets.xcassets in Resources */,
				684CB78C2952BC6F0017AF9E /* Main.storyboard in Resources */,
			);
			runOnlyForDeploymentPostprocessing = 0;
		};
		684CB7952952BC710017AF9E /* Resources */ = {
			isa = PBXResourcesBuildPhase;
			buildActionMask = 2147483647;
			files = (
			);
			runOnlyForDeploymentPostprocessing = 0;
		};
		684CB79F2952BC710017AF9E /* Resources */ = {
			isa = PBXResourcesBuildPhase;
			buildActionMask = 2147483647;
			files = (
			);
			runOnlyForDeploymentPostprocessing = 0;
		};
/* End PBXResourcesBuildPhase section */

/* Begin PBXSourcesBuildPhase section */
		684CB77D2952BC6F0017AF9E /* Sources */ = {
			isa = PBXSourcesBuildPhase;
			buildActionMask = 2147483647;
			files = (
				684CB7892952BC6F0017AF9E /* ViewController.swift in Sources */,
				684CB7852952BC6F0017AF9E /* AppDelegate.swift in Sources */,
				684CB7872952BC6F0017AF9E /* SceneDelegate.swift in Sources */,
			);
			runOnlyForDeploymentPostprocessing = 0;
		};
		684CB7932952BC710017AF9E /* Sources */ = {
			isa = PBXSourcesBuildPhase;
			buildActionMask = 2147483647;
			files = (
				684CB79C2952BC710017AF9E /* Swift_Combine_MVVM_iOSTests.swift in Sources */,
			);
			runOnlyForDeploymentPostprocessing = 0;
		};
		684CB79D2952BC710017AF9E /* Sources */ = {
			isa = PBXSourcesBuildPhase;
			buildActionMask = 2147483647;
			files = (
				684CB7A82952BC710017AF9E /* Swift_Combine_MVVM_iOSUITestsLaunchTests.swift in Sources */,
				684CB7A62952BC710017AF9E /* Swift_Combine_MVVM_iOSUITests.swift in Sources */,
			);
			runOnlyForDeploymentPostprocessing = 0;
		};
/* End PBXSourcesBuildPhase section */

/* Begin PBXTargetDependency section */
		684CB7992952BC710017AF9E /* PBXTargetDependency */ = {
			isa = PBXTargetDependency;
			target = 684CB7802952BC6F0017AF9E /* Swift-Combine-MVVM-iOS */;
			targetProxy = 684CB7982952BC710017AF9E /* PBXContainerItemProxy */;
		};
		684CB7A32952BC710017AF9E /* PBXTargetDependency */ = {
			isa = PBXTargetDependency;
			target = 684CB7802952BC6F0017AF9E /* Swift-Combine-MVVM-iOS */;
			targetProxy = 684CB7A22952BC710017AF9E /* PBXContainerItemProxy */;
		};
/* End PBXTargetDependency section */

/* Begin PBXVariantGroup section */
		684CB78A2952BC6F0017AF9E /* Main.storyboard */ = {
			isa = PBXVariantGroup;
			children = (
				684CB78B2952BC6F0017AF9E /* Base */,
			);
			name = Main.storyboard;
			sourceTree = "<group>";
		};
		684CB78F2952BC710017AF9E /* LaunchScreen.storyboard */ = {
			isa = PBXVariantGroup;
			children = (
				684CB7902952BC710017AF9E /* Base */,
			);
			name = LaunchScreen.storyboard;
			sourceTree = "<group>";
		};
/* End PBXVariantGroup section */

/* Begin XCBuildConfiguration section */
		684CB7A92952BC710017AF9E /* Debug */ = {
			isa = XCBuildConfiguration;
			buildSettings = {
				ALWAYS_SEARCH_USER_PATHS = NO;
				CLANG_ANALYZER_NONNULL = YES;
				CLANG_ANALYZER_NUMBER_OBJECT_CONVERSION = YES_AGGRESSIVE;
				CLANG_CXX_LANGUAGE_STANDARD = "gnu++20";
				CLANG_ENABLE_MODULES = YES;
				CLANG_ENABLE_OBJC_ARC = YES;
				CLANG_ENABLE_OBJC_WEAK = YES;
				CLANG_WARN_BLOCK_CAPTURE_AUTORELEASING = YES;
				CLANG_WARN_BOOL_CONVERSION = YES;
				CLANG_WARN_COMMA = YES;
				CLANG_WARN_CONSTANT_CONVERSION = YES;
				CLANG_WARN_DEPRECATED_OBJC_IMPLEMENTATIONS = YES;
				CLANG_WARN_DIRECT_OBJC_ISA_USAGE = YES_ERROR;
				CLANG_WARN_DOCUMENTATION_COMMENTS = YES;
				CLANG_WARN_EMPTY_BODY = YES;
				CLANG_WARN_ENUM_CONVERSION = YES;
				CLANG_WARN_INFINITE_RECURSION = YES;
				CLANG_WARN_INT_CONVERSION = YES;
				CLANG_WARN_NON_LITERAL_NULL_CONVERSION = YES;
				CLANG_WARN_OBJC_IMPLICIT_RETAIN_SELF = YES;
				CLANG_WARN_OBJC_LITERAL_CONVERSION = YES;
				CLANG_WARN_OBJC_ROOT_CLASS = YES_ERROR;
				CLANG_WARN_QUOTED_INCLUDE_IN_FRAMEWORK_HEADER = YES;
				CLANG_WARN_RANGE_LOOP_ANALYSIS = YES;
				CLANG_WARN_STRICT_PROTOTYPES = YES;
				CLANG_WARN_SUSPICIOUS_MOVE = YES;
				CLANG_WARN_UNGUARDED_AVAILABILITY = YES_AGGRESSIVE;
				CLANG_WARN_UNREACHABLE_CODE = YES;
				CLANG_WARN__DUPLICATE_METHOD_MATCH = YES;
				COPY_PHASE_STRIP = NO;
				DEBUG_INFORMATION_FORMAT = dwarf;
				ENABLE_STRICT_OBJC_MSGSEND = YES;
				ENABLE_TESTABILITY = YES;
				GCC_C_LANGUAGE_STANDARD = gnu11;
				GCC_DYNAMIC_NO_PIC = NO;
				GCC_NO_COMMON_BLOCKS = YES;
				GCC_OPTIMIZATION_LEVEL = 0;
				GCC_PREPROCESSOR_DEFINITIONS = (
					"DEBUG=1",
					"$(inherited)",
				);
				GCC_WARN_64_TO_32_BIT_CONVERSION = YES;
				GCC_WARN_ABOUT_RETURN_TYPE = YES_ERROR;
				GCC_WARN_UNDECLARED_SELECTOR = YES;
				GCC_WARN_UNINITIALIZED_AUTOS = YES_AGGRESSIVE;
				GCC_WARN_UNUSED_FUNCTION = YES;
				GCC_WARN_UNUSED_VARIABLE = YES;
				IPHONEOS_DEPLOYMENT_TARGET = 14.0;
				MTL_ENABLE_DEBUG_INFO = INCLUDE_SOURCE;
				MTL_FAST_MATH = YES;
				ONLY_ACTIVE_ARCH = YES;
				SDKROOT = iphoneos;
				SWIFT_ACTIVE_COMPILATION_CONDITIONS = DEBUG;
				SWIFT_OPTIMIZATION_LEVEL = "-Onone";
			};
			name = Debug;
		};
		684CB7AA2952BC710017AF9E /* Release */ = {
			isa = XCBuildConfiguration;
			buildSettings = {
				ALWAYS_SEARCH_USER_PATHS = NO;
				CLANG_ANALYZER_NONNULL = YES;
				CLANG_ANALYZER_NUMBER_OBJECT_CONVERSION = YES_AGGRESSIVE;
				CLANG_CXX_LANGUAGE_STANDARD = "gnu++20";
				CLANG_ENABLE_MODULES = YES;
				CLANG_ENABLE_OBJC_ARC = YES;
				CLANG_ENABLE_OBJC_WEAK = YES;
				CLANG_WARN_BLOCK_CAPTURE_AUTORELEASING = YES;
				CLANG_WARN_BOOL_CONVERSION = YES;
				CLANG_WARN_COMMA = YES;
				CLANG_WARN_CONSTANT_CONVERSION = YES;
				CLANG_WARN_DEPRECATED_OBJC_IMPLEMENTATIONS = YES;
				CLANG_WARN_DIRECT_OBJC_ISA_USAGE = YES_ERROR;
				CLANG_WARN_DOCUMENTATION_COMMENTS = YES;
				CLANG_WARN_EMPTY_BODY = YES;
				CLANG_WARN_ENUM_CONVERSION = YES;
				CLANG_WARN_INFINITE_RECURSION = YES;
				CLANG_WARN_INT_CONVERSION = YES;
				CLANG_WARN_NON_LITERAL_NULL_CONVERSION = YES;
				CLANG_WARN_OBJC_IMPLICIT_RETAIN_SELF = YES;
				CLANG_WARN_OBJC_LITERAL_CONVERSION = YES;
				CLANG_WARN_OBJC_ROOT_CLASS = YES_ERROR;
				CLANG_WARN_QUOTED_INCLUDE_IN_FRAMEWORK_HEADER = YES;
				CLANG_WARN_RANGE_LOOP_ANALYSIS = YES;
				CLANG_WARN_STRICT_PROTOTYPES = YES;
				CLANG_WARN_SUSPICIOUS_MOVE = YES;
				CLANG_WARN_UNGUARDED_AVAILABILITY = YES_AGGRESSIVE;
				CLANG_WARN_UNREACHABLE_CODE = YES;
				CLANG_WARN__DUPLICATE_METHOD_MATCH = YES;
				COPY_PHASE_STRIP = NO;
				DEBUG_INFORMATION_FORMAT = "dwarf-with-dsym";
				ENABLE_NS_ASSERTIONS = NO;
				ENABLE_STRICT_OBJC_MSGSEND = YES;
				GCC_C_LANGUAGE_STANDARD = gnu11;
				GCC_NO_COMMON_BLOCKS = YES;
				GCC_WARN_64_TO_32_BIT_CONVERSION = YES;
				GCC_WARN_ABOUT_RETURN_TYPE = YES_ERROR;
				GCC_WARN_UNDECLARED_SELECTOR = YES;
				GCC_WARN_UNINITIALIZED_AUTOS = YES_AGGRESSIVE;
				GCC_WARN_UNUSED_FUNCTION = YES;
				GCC_WARN_UNUSED_VARIABLE = YES;
				IPHONEOS_DEPLOYMENT_TARGET = 14.0;
				MTL_ENABLE_DEBUG_INFO = NO;
				MTL_FAST_MATH = YES;
				SDKROOT = iphoneos;
				SWIFT_COMPILATION_MODE = wholemodule;
				SWIFT_OPTIMIZATION_LEVEL = "-O";
				VALIDATE_PRODUCT = YES;
			};
			name = Release;
		};
		684CB7AC2952BC710017AF9E /* Debug */ = {
			isa = XCBuildConfiguration;
			buildSettings = {
				ASSETCATALOG_COMPILER_APPICON_NAME = AppIcon;
				ASSETCATALOG_COMPILER_GLOBAL_ACCENT_COLOR_NAME = AccentColor;
				CODE_SIGN_STYLE = Automatic;
				CURRENT_PROJECT_VERSION = 1;
				GENERATE_INFOPLIST_FILE = YES;
				INFOPLIST_FILE = "Swift-Combine-MVVM-iOS/Info.plist";
				INFOPLIST_KEY_UIApplicationSupportsIndirectInputEvents = YES;
				INFOPLIST_KEY_UILaunchStoryboardName = LaunchScreen;
				INFOPLIST_KEY_UIMainStoryboardFile = Main;
				INFOPLIST_KEY_UISupportedInterfaceOrientations = UIInterfaceOrientationPortrait;
				INFOPLIST_KEY_UISupportedInterfaceOrientations_iPad = "UIInterfaceOrientationLandscapeLeft UIInterfaceOrientationLandscapeRight UIInterfaceOrientationPortrait UIInterfaceOrientationPortraitUpsideDown";
				IPHONEOS_DEPLOYMENT_TARGET = 14.0;
				LD_RUNPATH_SEARCH_PATHS = (
					"$(inherited)",
					"@executable_path/Frameworks",
				);
				MARKETING_VERSION = 1.0;
				PRODUCT_BUNDLE_IDENTIFIER = "com.tuantang.Swift-Combine-MVVM-iOS";
				PRODUCT_NAME = "$(TARGET_NAME)";
				SUPPORTED_PLATFORMS = "iphoneos iphonesimulator";
				SUPPORTS_MACCATALYST = NO;
				SUPPORTS_MAC_DESIGNED_FOR_IPHONE_IPAD = NO;
				SWIFT_EMIT_LOC_STRINGS = YES;
				SWIFT_VERSION = 5.0;
				TARGETED_DEVICE_FAMILY = 1;
			};
			name = Debug;
		};
		684CB7AD2952BC710017AF9E /* Release */ = {
			isa = XCBuildConfiguration;
			buildSettings = {
				ASSETCATALOG_COMPILER_APPICON_NAME = AppIcon;
				ASSETCATALOG_COMPILER_GLOBAL_ACCENT_COLOR_NAME = AccentColor;
				CODE_SIGN_STYLE = Automatic;
				CURRENT_PROJECT_VERSION = 1;
				GENERATE_INFOPLIST_FILE = YES;
				INFOPLIST_FILE = "Swift-Combine-MVVM-iOS/Info.plist";
				INFOPLIST_KEY_UIApplicationSupportsIndirectInputEvents = YES;
				INFOPLIST_KEY_UILaunchStoryboardName = LaunchScreen;
				INFOPLIST_KEY_UIMainStoryboardFile = Main;
				INFOPLIST_KEY_UISupportedInterfaceOrientations = UIInterfaceOrientationPortrait;
				INFOPLIST_KEY_UISupportedInterfaceOrientations_iPad = "UIInterfaceOrientationLandscapeLeft UIInterfaceOrientationLandscapeRight UIInterfaceOrientationPortrait UIInterfaceOrientationPortraitUpsideDown";
				IPHONEOS_DEPLOYMENT_TARGET = 14.0;
				LD_RUNPATH_SEARCH_PATHS = (
					"$(inherited)",
					"@executable_path/Frameworks",
				);
				MARKETING_VERSION = 1.0;
				PRODUCT_BUNDLE_IDENTIFIER = "com.tuantang.Swift-Combine-MVVM-iOS";
				PRODUCT_NAME = "$(TARGET_NAME)";
				SUPPORTED_PLATFORMS = "iphoneos iphonesimulator";
				SUPPORTS_MACCATALYST = NO;
				SUPPORTS_MAC_DESIGNED_FOR_IPHONE_IPAD = NO;
				SWIFT_EMIT_LOC_STRINGS = YES;
				SWIFT_VERSION = 5.0;
				TARGETED_DEVICE_FAMILY = 1;
			};
			name = Release;
		};
		684CB7AF2952BC710017AF9E /* Debug */ = {
			isa = XCBuildConfiguration;
			buildSettings = {
				ALWAYS_EMBED_SWIFT_STANDARD_LIBRARIES = YES;
				BUNDLE_LOADER = "$(TEST_HOST)";
				CODE_SIGN_STYLE = Automatic;
				CURRENT_PROJECT_VERSION = 1;
				GENERATE_INFOPLIST_FILE = YES;
				IPHONEOS_DEPLOYMENT_TARGET = 16.0;
				MARKETING_VERSION = 1.0;
				PRODUCT_BUNDLE_IDENTIFIER = "com.tuantang.Swift-Combine-MVVM-iOSTests";
				PRODUCT_NAME = "$(TARGET_NAME)";
				SWIFT_EMIT_LOC_STRINGS = NO;
				SWIFT_VERSION = 5.0;
				TARGETED_DEVICE_FAMILY = "1,2";
				TEST_HOST = "$(BUILT_PRODUCTS_DIR)/Swift-Combine-MVVM-iOS.app/$(BUNDLE_EXECUTABLE_FOLDER_PATH)/Swift-Combine-MVVM-iOS";
			};
			name = Debug;
		};
		684CB7B02952BC710017AF9E /* Release */ = {
			isa = XCBuildConfiguration;
			buildSettings = {
				ALWAYS_EMBED_SWIFT_STANDARD_LIBRARIES = YES;
				BUNDLE_LOADER = "$(TEST_HOST)";
				CODE_SIGN_STYLE = Automatic;
				CURRENT_PROJECT_VERSION = 1;
				GENERATE_INFOPLIST_FILE = YES;
				IPHONEOS_DEPLOYMENT_TARGET = 16.0;
				MARKETING_VERSION = 1.0;
				PRODUCT_BUNDLE_IDENTIFIER = "com.tuantang.Swift-Combine-MVVM-iOSTests";
				PRODUCT_NAME = "$(TARGET_NAME)";
				SWIFT_EMIT_LOC_STRINGS = NO;
				SWIFT_VERSION = 5.0;
				TARGETED_DEVICE_FAMILY = "1,2";
				TEST_HOST = "$(BUILT_PRODUCTS_DIR)/Swift-Combine-MVVM-iOS.app/$(BUNDLE_EXECUTABLE_FOLDER_PATH)/Swift-Combine-MVVM-iOS";
			};
			name = Release;
		};
		684CB7B22952BC710017AF9E /* Debug */ = {
			isa = XCBuildConfiguration;
			buildSettings = {
				ALWAYS_EMBED_SWIFT_STANDARD_LIBRARIES = YES;
				CODE_SIGN_STYLE = Automatic;
				CURRENT_PROJECT_VERSION = 1;
				GENERATE_INFOPLIST_FILE = YES;
				MARKETING_VERSION = 1.0;
				PRODUCT_BUNDLE_IDENTIFIER = "com.tuantang.Swift-Combine-MVVM-iOSUITests";
				PRODUCT_NAME = "$(TARGET_NAME)";
				SWIFT_EMIT_LOC_STRINGS = NO;
				SWIFT_VERSION = 5.0;
				TARGETED_DEVICE_FAMILY = "1,2";
				TEST_TARGET_NAME = "Swift-Combine-MVVM-iOS";
			};
			name = Debug;
		};
		684CB7B32952BC710017AF9E /* Release */ = {
			isa = XCBuildConfiguration;
			buildSettings = {
				ALWAYS_EMBED_SWIFT_STANDARD_LIBRARIES = YES;
				CODE_SIGN_STYLE = Automatic;
				CURRENT_PROJECT_VERSION = 1;
				GENERATE_INFOPLIST_FILE = YES;
				MARKETING_VERSION = 1.0;
				PRODUCT_BUNDLE_IDENTIFIER = "com.tuantang.Swift-Combine-MVVM-iOSUITests";
				PRODUCT_NAME = "$(TARGET_NAME)";
				SWIFT_EMIT_LOC_STRINGS = NO;
				SWIFT_VERSION = 5.0;
				TARGETED_DEVICE_FAMILY = "1,2";
				TEST_TARGET_NAME = "Swift-Combine-MVVM-iOS";
			};
			name = Release;
		};
/* End XCBuildConfiguration section */

/* Begin XCConfigurationList section */
		684CB77C2952BC6F0017AF9E /* Build configuration list for PBXProject "Swift-Combine-MVVM-iOS" */ = {
			isa = XCConfigurationList;
			buildConfigurations = (
				684CB7A92952BC710017AF9E /* Debug */,
				684CB7AA2952BC710017AF9E /* Release */,
			);
			defaultConfigurationIsVisible = 0;
			defaultConfigurationName = Release;
		};
		684CB7AB2952BC710017AF9E /* Build configuration list for PBXNativeTarget "Swift-Combine-MVVM-iOS" */ = {
			isa = XCConfigurationList;
			buildConfigurations = (
				684CB7AC2952BC710017AF9E /* Debug */,
				684CB7AD2952BC710017AF9E /* Release */,
			);
			defaultConfigurationIsVisible = 0;
			defaultConfigurationName = Release;
		};
		684CB7AE2952BC710017AF9E /* Build configuration list for PBXNativeTarget "Swift-Combine-MVVM-iOSTests" */ = {
			isa = XCConfigurationList;
			buildConfigurations = (
				684CB7AF2952BC710017AF9E /* Debug */,
				684CB7B02952BC710017AF9E /* Release */,
			);
			defaultConfigurationIsVisible = 0;
			defaultConfigurationName = Release;
		};
		684CB7B12952BC710017AF9E /* Build configuration list for PBXNativeTarget "Swift-Combine-MVVM-iOSUITests" */ = {
			isa = XCConfigurationList;
			buildConfigurations = (
				684CB7B22952BC710017AF9E /* Debug */,
				684CB7B32952BC710017AF9E /* Release */,
			);
			defaultConfigurationIsVisible = 0;
			defaultConfigurationName = Release;
		};
/* End XCConfigurationList section */
	};
	rootObject = 684CB7792952BC6F0017AF9E /* Project object */;
}
